
Microsoft Visual Studio Solution File, Format Version 12.00
# Visual Studio 15
VisualStudioVersion = 15.0.34729.27
MinimumVisualStudioVersion = 10.0.40219.1
Project("{FAE04EC0-301F-11D3-BF4B-00C04F79EFBC}") = "OPPDemo1", "OPPDemo1\OPPDemo1.csproj", "{461FED8E-2193-4C21-A41E-2F2F8127FA21}"
EndProject
Project("{FAE04EC0-301F-11D3-BF4B-00C04F79EFBC}") = "Common", "Common\Common.csproj", "{D16AE953-9349-4632-B971-F7FEDBA35069}"
EndProject
Global
	GlobalSection(SolutionConfigurationPlatforms) = preSolution
		Debug|Any CPU = Debug|Any CPU
		Release|Any CPU = Release|Any CPU
	EndGlobalSection
	GlobalSection(ProjectConfigurationPlatforms) = postSolution
		{461FED8E-2193-4C21-A41E-2F2F8127FA21}.Debug|Any CPU.ActiveCfg = Debug|Any CPU
		{461FED8E-2193-4C21-A41E-2F2F8127FA21}.Debug|Any CPU.Build.0 = Debug|Any CPU
		{461FED8E-2193-4C21-A41E-2F2F8127FA21}.Release|Any CPU.ActiveCfg = Release|Any CPU
		{461FED8E-2193-4C21-A41E-2F2F8127FA21}.Release|Any CPU.Build.0 = Release|Any CPU
		{D16AE953-9349-4632-B971-F7FEDBA35069}.Debug|Any CPU.ActiveCfg = Debug|Any CPU
		{D16AE953-9349-4632-B971-F7FEDBA35069}.Debug|Any CPU.Build.0 = Debug|Any CPU
		{D16AE953-9349-4632-B971-F7FEDBA35069}.Release|Any CPU.ActiveCfg = Release|Any CPU
		{D16AE953-9349-4632-B971-F7FEDBA35069}.Release|Any CPU.Build.0 = Release|Any CPU
	EndGlobalSection
	GlobalSection(SolutionProperties) = preSolution
		HideSolutionNode = FALSE
	EndGlobalSection
	GlobalSection(ExtensibilityGlobals) = postSolution
		SolutionGuid = {8C421B52-6D78-48B6-90B2-DA895416C207}
	EndGlobalSection
EndGlobal
