
Microsoft Visual Studio Solution File, Format Version 12.00
# Visual Studio 15
VisualStudioVersion = 15.0.34729.27
MinimumVisualStudioVersion = 10.0.40219.1
Project("{FAE04EC0-301F-11D3-BF4B-00C04F79EFBC}") = "OOPAssign5Sol", "OOPAssign5Sol\OOPAssign5Sol.csproj", "{021DE477-331A-48D1-ADEC-E8708BCF0F67}"
EndProject
Global
	GlobalSection(SolutionConfigurationPlatforms) = preSolution
		Debug|Any CPU = Debug|Any CPU
		Release|Any CPU = Release|Any CPU
	EndGlobalSection
	GlobalSection(ProjectConfigurationPlatforms) = postSolution
		{021DE477-331A-48D1-ADEC-E8708BCF0F67}.Debug|Any CPU.ActiveCfg = Debug|Any CPU
		{021DE477-331A-48D1-ADEC-E8708BCF0F67}.Debug|Any CPU.Build.0 = Debug|Any CPU
		{021DE477-331A-48D1-ADEC-E8708BCF0F67}.Release|Any CPU.ActiveCfg = Release|Any CPU
		{021DE477-331A-48D1-ADEC-E8708BCF0F67}.Release|Any CPU.Build.0 = Release|Any CPU
	EndGlobalSection
	GlobalSection(SolutionProperties) = preSolution
		HideSolutionNode = FALSE
	EndGlobalSection
	GlobalSection(ExtensibilityGlobals) = postSolution
		SolutionGuid = {94642C47-055A-458E-B9F8-6F358D65FDB8}
	EndGlobalSection
EndGlobal
